
Microsoft Visual Studio Solution File, Format Version 12.00
# Visual Studio 2013
VisualStudioVersion = 12.0.21005.1
MinimumVisualStudioVersion = 10.0.40219.1
Project("{FAE04EC0-301F-11D3-BF4B-00C04F79EFBC}") = "Project", "P5\Project.csproj", "{ED2C0715-AF7A-4DA3-ADE6-4A0827460C75}"
EndProject
Project("{FAE04EC0-301F-11D3-BF4B-00C04F79EFBC}") = "Entities", "Entities\Entities.csproj", "{C1012642-923F-4CCE-A4DE-D8E904EFAE3E}"
EndProject
Project("{FAE04EC0-301F-11D3-BF4B-00C04F79EFBC}") = "Logic", "Logic\Logic.csproj", "{F99B6DDC-D86B-43E6-807E-28009EBFD9A5}"
EndProject
Project("{FAE04EC0-301F-11D3-BF4B-00C04F79EFBC}") = "Persistence", "Persistence\Persistence.csproj", "{1D62AA0B-D19D-4D3E-9407-B6F2D5541D02}"
EndProject
Global
	GlobalSection(SolutionConfigurationPlatforms) = preSolution
		Debug|Any CPU = Debug|Any CPU
		Release|Any CPU = Release|Any CPU
	EndGlobalSection
	GlobalSection(ProjectConfigurationPlatforms) = postSolution
		{ED2C0715-AF7A-4DA3-ADE6-4A0827460C75}.Debug|Any CPU.ActiveCfg = Debug|Any CPU
		{ED2C0715-AF7A-4DA3-ADE6-4A0827460C75}.Debug|Any CPU.Build.0 = Debug|Any CPU
		{ED2C0715-AF7A-4DA3-ADE6-4A0827460C75}.Release|Any CPU.ActiveCfg = Release|Any CPU
		{ED2C0715-AF7A-4DA3-ADE6-4A0827460C75}.Release|Any CPU.Build.0 = Release|Any CPU
		{C1012642-923F-4CCE-A4DE-D8E904EFAE3E}.Debug|Any CPU.ActiveCfg = Debug|Any CPU
		{C1012642-923F-4CCE-A4DE-D8E904EFAE3E}.Debug|Any CPU.Build.0 = Debug|Any CPU
		{C1012642-923F-4CCE-A4DE-D8E904EFAE3E}.Release|Any CPU.ActiveCfg = Release|Any CPU
		{C1012642-923F-4CCE-A4DE-D8E904EFAE3E}.Release|Any CPU.Build.0 = Release|Any CPU
		{F99B6DDC-D86B-43E6-807E-28009EBFD9A5}.Debug|Any CPU.ActiveCfg = Debug|Any CPU
		{F99B6DDC-D86B-43E6-807E-28009EBFD9A5}.Debug|Any CPU.Build.0 = Debug|Any CPU
		{F99B6DDC-D86B-43E6-807E-28009EBFD9A5}.Release|Any CPU.ActiveCfg = Release|Any CPU
		{F99B6DDC-D86B-43E6-807E-28009EBFD9A5}.Release|Any CPU.Build.0 = Release|Any CPU
		{1D62AA0B-D19D-4D3E-9407-B6F2D5541D02}.Debug|Any CPU.ActiveCfg = Debug|Any CPU
		{1D62AA0B-D19D-4D3E-9407-B6F2D5541D02}.Debug|Any CPU.Build.0 = Debug|Any CPU
		{1D62AA0B-D19D-4D3E-9407-B6F2D5541D02}.Release|Any CPU.ActiveCfg = Release|Any CPU
		{1D62AA0B-D19D-4D3E-9407-B6F2D5541D02}.Release|Any CPU.Build.0 = Release|Any CPU
	EndGlobalSection
	GlobalSection(SolutionProperties) = preSolution
		HideSolutionNode = FALSE
	EndGlobalSection
EndGlobal
